// !$*UTF8*$!
{
	archiveVersion = 1;
	classes = {
	};
	objectVersion = 46;
	objects = {

/* Begin PBXBuildFile section */
		83CBD90719FEA18E008ABA78 /* AppDelegate.swift in Sources */ = {isa = PBXBuildFile; fileRef = 83CBD90619FEA18E008ABA78 /* AppDelegate.swift */; };
		83CBD90E19FEA18E008ABA78 /* Images.xcassets in Resources */ = {isa = PBXBuildFile; fileRef = 83CBD90D19FEA18E008ABA78 /* Images.xcassets */; };
		83CBD91D19FEA18E008ABA78 /* SquareCropViewControllerTests.swift in Sources */ = {isa = PBXBuildFile; fileRef = 83CBD91C19FEA18E008ABA78 /* SquareCropViewControllerTests.swift */; };
		83CBD92D19FEA1D4008ABA78 /* ADSquareCropViewController.swift in Sources */ = {isa = PBXBuildFile; fileRef = 83CBD92619FEA1D4008ABA78 /* ADSquareCropViewController.swift */; };
		83CBD92E19FEA1D4008ABA78 /* DemoViewController.swift in Sources */ = {isa = PBXBuildFile; fileRef = 83CBD92719FEA1D4008ABA78 /* DemoViewController.swift */; };
		83CBD93019FEA1D4008ABA78 /* CGRect+Extensions.swift in Sources */ = {isa = PBXBuildFile; fileRef = 83CBD92919FEA1D4008ABA78 /* CGRect+Extensions.swift */; };
		83CBD93119FEA1D4008ABA78 /* UIImage+Extensions.swift in Sources */ = {isa = PBXBuildFile; fileRef = 83CBD92A19FEA1D4008ABA78 /* UIImage+Extensions.swift */; };
		83CBD93219FEA1D4008ABA78 /* CGSize+Extensions.swift in Sources */ = {isa = PBXBuildFile; fileRef = 83CBD92B19FEA1D4008ABA78 /* CGSize+Extensions.swift */; };
		83CBD93319FEA1D4008ABA78 /* Demo Image.jpeg in Resources */ = {isa = PBXBuildFile; fileRef = 83CBD92C19FEA1D4008ABA78 /* Demo Image.jpeg */; };
		83CBD93519FEA29F008ABA78 /* Main.storyboard in Resources */ = {isa = PBXBuildFile; fileRef = 83CBD93419FEA29E008ABA78 /* Main.storyboard */; };
/* End PBXBuildFile section */

/* Begin PBXContainerItemProxy section */
		83CBD91719FEA18E008ABA78 /* PBXContainerItemProxy */ = {
			isa = PBXContainerItemProxy;
			containerPortal = 83CBD8F919FEA18E008ABA78 /* Project object */;
			proxyType = 1;
			remoteGlobalIDString = 83CBD90019FEA18E008ABA78;
			remoteInfo = SquareCropViewController;
		};
/* End PBXContainerItemProxy section */

/* Begin PBXFileReference section */
		83CBD90119FEA18E008ABA78 /* SquareCropViewController.app */ = {isa = PBXFileReference; explicitFileType = wrapper.application; includeInIndex = 0; path = SquareCropViewController.app; sourceTree = BUILT_PRODUCTS_DIR; };
		83CBD90519FEA18E008ABA78 /* Info.plist */ = {isa = PBXFileReference; lastKnownFileType = text.plist.xml; path = Info.plist; sourceTree = "<group>"; };
		83CBD90619FEA18E008ABA78 /* AppDelegate.swift */ = {isa = PBXFileReference; lastKnownFileType = sourcecode.swift; path = AppDelegate.swift; sourceTree = "<group>"; };
		83CBD90D19FEA18E008ABA78 /* Images.xcassets */ = {isa = PBXFileReference; lastKnownFileType = folder.assetcatalog; path = Images.xcassets; sourceTree = "<group>"; };
		83CBD91619FEA18E008ABA78 /* SquareCropViewControllerTests.xctest */ = {isa = PBXFileReference; explicitFileType = wrapper.cfbundle; includeInIndex = 0; path = SquareCropViewControllerTests.xctest; sourceTree = BUILT_PRODUCTS_DIR; };
		83CBD91B19FEA18E008ABA78 /* Info.plist */ = {isa = PBXFileReference; lastKnownFileType = text.plist.xml; path = Info.plist; sourceTree = "<group>"; };
		83CBD91C19FEA18E008ABA78 /* SquareCropViewControllerTests.swift */ = {isa = PBXFileReference; lastKnownFileType = sourcecode.swift; path = SquareCropViewControllerTests.swift; sourceTree = "<group>"; };
		83CBD92619FEA1D4008ABA78 /* ADSquareCropViewController.swift */ = {isa = PBXFileReference; fileEncoding = 4; lastKnownFileType = sourcecode.swift; path = ADSquareCropViewController.swift; sourceTree = "<group>"; };
		83CBD92719FEA1D4008ABA78 /* DemoViewController.swift */ = {isa = PBXFileReference; fileEncoding = 4; lastKnownFileType = sourcecode.swift; path = DemoViewController.swift; sourceTree = "<group>"; };
		83CBD92919FEA1D4008ABA78 /* CGRect+Extensions.swift */ = {isa = PBXFileReference; fileEncoding = 4; lastKnownFileType = sourcecode.swift; path = "CGRect+Extensions.swift"; sourceTree = "<group>"; };
		83CBD92A19FEA1D4008ABA78 /* UIImage+Extensions.swift */ = {isa = PBXFileReference; fileEncoding = 4; lastKnownFileType = sourcecode.swift; path = "UIImage+Extensions.swift"; sourceTree = "<group>"; };
		83CBD92B19FEA1D4008ABA78 /* CGSize+Extensions.swift */ = {isa = PBXFileReference; fileEncoding = 4; lastKnownFileType = sourcecode.swift; path = "CGSize+Extensions.swift"; sourceTree = "<group>"; };
		83CBD92C19FEA1D4008ABA78 /* Demo Image.jpeg */ = {isa = PBXFileReference; lastKnownFileType = image.jpeg; path = "Demo Image.jpeg"; sourceTree = "<group>"; };
		83CBD93419FEA29E008ABA78 /* Main.storyboard */ = {isa = PBXFileReference; fileEncoding = 4; lastKnownFileType = file.storyboard; path = Main.storyboard; sourceTree = "<group>"; };
/* End PBXFileReference section */

/* Begin PBXFrameworksBuildPhase section */
		83CBD8FE19FEA18E008ABA78 /* Frameworks */ = {
			isa = PBXFrameworksBuildPhase;
			buildActionMask = 2147483647;
			files = (
			);
			runOnlyForDeploymentPostprocessing = 0;
		};
		83CBD91319FEA18E008ABA78 /* Frameworks */ = {
			isa = PBXFrameworksBuildPhase;
			buildActionMask = 2147483647;
			files = (
			);
			runOnlyForDeploymentPostprocessing = 0;
		};
/* End PBXFrameworksBuildPhase section */

/* Begin PBXGroup section */
		83CBD8F819FEA18E008ABA78 = {
			isa = PBXGroup;
			children = (
				83CBD90319FEA18E008ABA78 /* SquareCropViewController */,
				83CBD91919FEA18E008ABA78 /* SquareCropViewControllerTests */,
				83CBD90219FEA18E008ABA78 /* Products */,
			);
			sourceTree = "<group>";
		};
		83CBD90219FEA18E008ABA78 /* Products */ = {
			isa = PBXGroup;
			children = (
				83CBD90119FEA18E008ABA78 /* SquareCropViewController.app */,
				83CBD91619FEA18E008ABA78 /* SquareCropViewControllerTests.xctest */,
			);
			name = Products;
			sourceTree = "<group>";
		};
		83CBD90319FEA18E008ABA78 /* SquareCropViewController */ = {
			isa = PBXGroup;
			children = (
				83CBD93419FEA29E008ABA78 /* Main.storyboard */,
				83CBD92619FEA1D4008ABA78 /* ADSquareCropViewController.swift */,
				83CBD92719FEA1D4008ABA78 /* DemoViewController.swift */,
				83CBD92919FEA1D4008ABA78 /* CGRect+Extensions.swift */,
				83CBD92A19FEA1D4008ABA78 /* UIImage+Extensions.swift */,
				83CBD92B19FEA1D4008ABA78 /* CGSize+Extensions.swift */,
				83CBD92C19FEA1D4008ABA78 /* Demo Image.jpeg */,
				83CBD90619FEA18E008ABA78 /* AppDelegate.swift */,
				83CBD90D19FEA18E008ABA78 /* Images.xcassets */,
				83CBD90419FEA18E008ABA78 /* Supporting Files */,
			);
			path = SquareCropViewController;
			sourceTree = "<group>";
		};
		83CBD90419FEA18E008ABA78 /* Supporting Files */ = {
			isa = PBXGroup;
			children = (
				83CBD90519FEA18E008ABA78 /* Info.plist */,
			);
			name = "Supporting Files";
			sourceTree = "<group>";
		};
		83CBD91919FEA18E008ABA78 /* SquareCropViewControllerTests */ = {
			isa = PBXGroup;
			children = (
				83CBD91C19FEA18E008ABA78 /* SquareCropViewControllerTests.swift */,
				83CBD91A19FEA18E008ABA78 /* Supporting Files */,
			);
			path = SquareCropViewControllerTests;
			sourceTree = "<group>";
		};
		83CBD91A19FEA18E008ABA78 /* Supporting Files */ = {
			isa = PBXGroup;
			children = (
				83CBD91B19FEA18E008ABA78 /* Info.plist */,
			);
			name = "Supporting Files";
			sourceTree = "<group>";
		};
/* End PBXGroup section */

/* Begin PBXNativeTarget section */
		83CBD90019FEA18E008ABA78 /* SquareCropViewController */ = {
			isa = PBXNativeTarget;
			buildConfigurationList = 83CBD92019FEA18E008ABA78 /* Build configuration list for PBXNativeTarget "SquareCropViewController" */;
			buildPhases = (
				83CBD8FD19FEA18E008ABA78 /* Sources */,
				83CBD8FE19FEA18E008ABA78 /* Frameworks */,
				83CBD8FF19FEA18E008ABA78 /* Resources */,
			);
			buildRules = (
			);
			dependencies = (
			);
			name = SquareCropViewController;
			productName = SquareCropViewController;
			productReference = 83CBD90119FEA18E008ABA78 /* SquareCropViewController.app */;
			productType = "com.apple.product-type.application";
		};
		83CBD91519FEA18E008ABA78 /* SquareCropViewControllerTests */ = {
			isa = PBXNativeTarget;
			buildConfigurationList = 83CBD92319FEA18E008ABA78 /* Build configuration list for PBXNativeTarget "SquareCropViewControllerTests" */;
			buildPhases = (
				83CBD91219FEA18E008ABA78 /* Sources */,
				83CBD91319FEA18E008ABA78 /* Frameworks */,
				83CBD91419FEA18E008ABA78 /* Resources */,
			);
			buildRules = (
			);
			dependencies = (
				83CBD91819FEA18E008ABA78 /* PBXTargetDependency */,
			);
			name = SquareCropViewControllerTests;
			productName = SquareCropViewControllerTests;
			productReference = 83CBD91619FEA18E008ABA78 /* SquareCropViewControllerTests.xctest */;
			productType = "com.apple.product-type.bundle.unit-test";
		};
/* End PBXNativeTarget section */

/* Begin PBXProject section */
		83CBD8F919FEA18E008ABA78 /* Project object */ = {
			isa = PBXProject;
			attributes = {
				LastUpgradeCheck = 0610;
				ORGANIZATIONNAME = "Anna Dickinson";
				TargetAttributes = {
					83CBD90019FEA18E008ABA78 = {
						CreatedOnToolsVersion = 6.1;
					};
					83CBD91519FEA18E008ABA78 = {
						CreatedOnToolsVersion = 6.1;
						TestTargetID = 83CBD90019FEA18E008ABA78;
					};
				};
			};
			buildConfigurationList = 83CBD8FC19FEA18E008ABA78 /* Build configuration list for PBXProject "SquareCropViewController" */;
			compatibilityVersion = "Xcode 3.2";
			developmentRegion = English;
			hasScannedForEncodings = 0;
			knownRegions = (
				en,
				Base,
			);
			mainGroup = 83CBD8F819FEA18E008ABA78;
			productRefGroup = 83CBD90219FEA18E008ABA78 /* Products */;
			projectDirPath = "";
			projectRoot = "";
			targets = (
				83CBD90019FEA18E008ABA78 /* SquareCropViewController */,
				83CBD91519FEA18E008ABA78 /* SquareCropViewControllerTests */,
			);
		};
/* End PBXProject section */

/* Begin PBXResourcesBuildPhase section */
		83CBD8FF19FEA18E008ABA78 /* Resources */ = {
			isa = PBXResourcesBuildPhase;
			buildActionMask = 2147483647;
			files = (
				83CBD93519FEA29F008ABA78 /* Main.storyboard in Resources */,
				83CBD90E19FEA18E008ABA78 /* Images.xcassets in Resources */,
				83CBD93319FEA1D4008ABA78 /* Demo Image.jpeg in Resources */,
			);
			runOnlyForDeploymentPostprocessing = 0;
		};
		83CBD91419FEA18E008ABA78 /* Resources */ = {
			isa = PBXResourcesBuildPhase;
			buildActionMask = 2147483647;
			files = (
			);
			runOnlyForDeploymentPostprocessing = 0;
		};
/* End PBXResourcesBuildPhase section */

/* Begin PBXSourcesBuildPhase section */
		83CBD8FD19FEA18E008ABA78 /* Sources */ = {
			isa = PBXSourcesBuildPhase;
			buildActionMask = 2147483647;
			files = (
				83CBD92D19FEA1D4008ABA78 /* ADSquareCropViewController.swift in Sources */,
				83CBD93219FEA1D4008ABA78 /* CGSize+Extensions.swift in Sources */,
				83CBD90719FEA18E008ABA78 /* AppDelegate.swift in Sources */,
				83CBD93119FEA1D4008ABA78 /* UIImage+Extensions.swift in Sources */,
				83CBD92E19FEA1D4008ABA78 /* DemoViewController.swift in Sources */,
				83CBD93019FEA1D4008ABA78 /* CGRect+Extensions.swift in Sources */,
			);
			runOnlyForDeploymentPostprocessing = 0;
		};
		83CBD91219FEA18E008ABA78 /* Sources */ = {
			isa = PBXSourcesBuildPhase;
			buildActionMask = 2147483647;
			files = (
				83CBD91D19FEA18E008ABA78 /* SquareCropViewControllerTests.swift in Sources */,
			);
			runOnlyForDeploymentPostprocessing = 0;
		};
/* End PBXSourcesBuildPhase section */

/* Begin PBXTargetDependency section */
		83CBD91819FEA18E008ABA78 /* PBXTargetDependency */ = {
			isa = PBXTargetDependency;
			target = 83CBD90019FEA18E008ABA78 /* SquareCropViewController */;
			targetProxy = 83CBD91719FEA18E008ABA78 /* PBXContainerItemProxy */;
		};
/* End PBXTargetDependency section */

/* Begin XCBuildConfiguration section */
		83CBD91E19FEA18E008ABA78 /* Debug */ = {
			isa = XCBuildConfiguration;
			buildSettings = {
				ALWAYS_SEARCH_USER_PATHS = NO;
				CLANG_CXX_LANGUAGE_STANDARD = "gnu++0x";
				CLANG_CXX_LIBRARY = "libc++";
				CLANG_ENABLE_MODULES = YES;
				CLANG_ENABLE_OBJC_ARC = YES;
				CLANG_WARN_BOOL_CONVERSION = YES;
				CLANG_WARN_CONSTANT_CONVERSION = YES;
				CLANG_WARN_DIRECT_OBJC_ISA_USAGE = YES_ERROR;
				CLANG_WARN_EMPTY_BODY = YES;
				CLANG_WARN_ENUM_CONVERSION = YES;
				CLANG_WARN_INT_CONVERSION = YES;
				CLANG_WARN_OBJC_ROOT_CLASS = YES_ERROR;
				CLANG_WARN_UNREACHABLE_CODE = YES;
				CLANG_WARN__DUPLICATE_METHOD_MATCH = YES;
				"CODE_SIGN_IDENTITY[sdk=iphoneos*]" = "iPhone Developer";
				COPY_PHASE_STRIP = NO;
				ENABLE_STRICT_OBJC_MSGSEND = YES;
				GCC_C_LANGUAGE_STANDARD = gnu99;
				GCC_DYNAMIC_NO_PIC = NO;
				GCC_OPTIMIZATION_LEVEL = 0;
				GCC_PREPROCESSOR_DEFINITIONS = (
					"DEBUG=1",
					"$(inherited)",
				);
				GCC_SYMBOLS_PRIVATE_EXTERN = NO;
				GCC_WARN_64_TO_32_BIT_CONVERSION = YES;
				GCC_WARN_ABOUT_RETURN_TYPE = YES_ERROR;
				GCC_WARN_UNDECLARED_SELECTOR = YES;
				GCC_WARN_UNINITIALIZED_AUTOS = YES_AGGRESSIVE;
				GCC_WARN_UNUSED_FUNCTION = YES;
				GCC_WARN_UNUSED_VARIABLE = YES;
				IPHONEOS_DEPLOYMENT_TARGET = 7.1;
				MTL_ENABLE_DEBUG_INFO = YES;
				ONLY_ACTIVE_ARCH = YES;
				SDKROOT = iphoneos;
				SWIFT_OPTIMIZATION_LEVEL = "-Onone";
				TARGETED_DEVICE_FAMILY = "1,2";
			};
			name = Debug;
		};
		83CBD91F19FEA18E008ABA78 /* Release */ = {
			isa = XCBuildConfiguration;
			buildSettings = {
				ALWAYS_SEARCH_USER_PATHS = NO;
				CLANG_CXX_LANGUAGE_STANDARD = "gnu++0x";
				CLANG_CXX_LIBRARY = "libc++";
				CLANG_ENABLE_MODULES = YES;
				CLANG_ENABLE_OBJC_ARC = YES;
				CLANG_WARN_BOOL_CONVERSION = YES;
				CLANG_WARN_CONSTANT_CONVERSION = YES;
				CLANG_WARN_DIRECT_OBJC_ISA_USAGE = YES_ERROR;
				CLANG_WARN_EMPTY_BODY = YES;
				CLANG_WARN_ENUM_CONVERSION = YES;
				CLANG_WARN_INT_CONVERSION = YES;
				CLANG_WARN_OBJC_ROOT_CLASS = YES_ERROR;
				CLANG_WARN_UNREACHABLE_CODE = YES;
				CLANG_WARN__DUPLICATE_METHOD_MATCH = YES;
				"CODE_SIGN_IDENTITY[sdk=iphoneos*]" = "iPhone Developer";
				COPY_PHASE_STRIP = YES;
				ENABLE_NS_ASSERTIONS = NO;
				ENABLE_STRICT_OBJC_MSGSEND = YES;
				GCC_C_LANGUAGE_STANDARD = gnu99;
				GCC_WARN_64_TO_32_BIT_CONVERSION = YES;
				GCC_WARN_ABOUT_RETURN_TYPE = YES_ERROR;
				GCC_WARN_UNDECLARED_SELECTOR = YES;
				GCC_WARN_UNINITIALIZED_AUTOS = YES_AGGRESSIVE;
				GCC_WARN_UNUSED_FUNCTION = YES;
				GCC_WARN_UNUSED_VARIABLE = YES;
				IPHONEOS_DEPLOYMENT_TARGET = 7.1;
				MTL_ENABLE_DEBUG_INFO = NO;
				SDKROOT = iphoneos;
				TARGETED_DEVICE_FAMILY = "1,2";
				VALIDATE_PRODUCT = YES;
			};
			name = Release;
		};
		83CBD92119FEA18E008ABA78 /* Debug */ = {
			isa = XCBuildConfiguration;
			buildSettings = {
				ASSETCATALOG_COMPILER_APPICON_NAME = AppIcon;
				ASSETCATALOG_COMPILER_LAUNCHIMAGE_NAME = LaunchImage;
				INFOPLIST_FILE = SquareCropViewController/Info.plist;
				LD_RUNPATH_SEARCH_PATHS = "$(inherited) @executable_path/Frameworks";
				PRODUCT_NAME = "$(TARGET_NAME)";
			};
			name = Debug;
		};
		83CBD92219FEA18E008ABA78 /* Release */ = {
			isa = XCBuildConfiguration;
			buildSettings = {
				ASSETCATALOG_COMPILER_APPICON_NAME = AppIcon;
				ASSETCATALOG_COMPILER_LAUNCHIMAGE_NAME = LaunchImage;
				INFOPLIST_FILE = SquareCropViewController/Info.plist;
				LD_RUNPATH_SEARCH_PATHS = "$(inherited) @executable_path/Frameworks";
				PRODUCT_NAME = "$(TARGET_NAME)";
			};
			name = Release;
		};
		83CBD92419FEA18E008ABA78 /* Debug */ = {
			isa = XCBuildConfiguration;
			buildSettings = {
				BUNDLE_LOADER = "$(TEST_HOST)";
				FRAMEWORK_SEARCH_PATHS = (
					"$(SDKROOT)/Developer/Library/Frameworks",
					"$(inherited)",
				);
				GCC_PREPROCESSOR_DEFINITIONS = (
					"DEBUG=1",
					"$(inherited)",
				);
				INFOPLIST_FILE = SquareCropViewControllerTests/Info.plist;
				LD_RUNPATH_SEARCH_PATHS = "$(inherited) @executable_path/Frameworks @loader_path/Frameworks";
				PRODUCT_NAME = "$(TARGET_NAME)";
				TEST_HOST = "$(BUILT_PRODUCTS_DIR)/SquareCropViewController.app/SquareCropViewController";
			};
			name = Debug;
		};
		83CBD92519FEA18E008ABA78 /* Release */ = {
			isa = XCBuildConfiguration;
			buildSettings = {
				BUNDLE_LOADER = "$(TEST_HOST)";
				FRAMEWORK_SEARCH_PATHS = (
					"$(SDKROOT)/Developer/Library/Frameworks",
					"$(inherited)",
				);
				INFOPLIST_FILE = SquareCropViewControllerTests/Info.plist;
				LD_RUNPATH_SEARCH_PATHS = "$(inherited) @executable_path/Frameworks @loader_path/Frameworks";
				PRODUCT_NAME = "$(TARGET_NAME)";
				TEST_HOST = "$(BUILT_PRODUCTS_DIR)/SquareCropViewController.app/SquareCropViewController";
			};
			name = Release;
		};
/* End XCBuildConfiguration section */

/* Begin XCConfigurationList section */
		83CBD8FC19FEA18E008ABA78 /* Build configuration list for PBXProject "SquareCropViewController" */ = {
			isa = XCConfigurationList;
			buildConfigurations = (
				83CBD91E19FEA18E008ABA78 /* Debug */,
				83CBD91F19FEA18E008ABA78 /* Release */,
			);
			defaultConfigurationIsVisible = 0;
			defaultConfigurationName = Release;
		};
		83CBD92019FEA18E008ABA78 /* Build configuration list for PBXNativeTarget "SquareCropViewController" */ = {
			isa = XCConfigurationList;
			buildConfigurations = (
				83CBD92119FEA18E008ABA78 /* Debug */,
				83CBD92219FEA18E008ABA78 /* Release */,
			);
			defaultConfigurationIsVisible = 0;
		};
		83CBD92319FEA18E008ABA78 /* Build configuration list for PBXNativeTarget "SquareCropViewControllerTests" */ = {
			isa = XCConfigurationList;
			buildConfigurations = (
				83CBD92419FEA18E008ABA78 /* Debug */,
				83CBD92519FEA18E008ABA78 /* Release */,
			);
			defaultConfigurationIsVisible = 0;
		};
/* End XCConfigurationList section */
	};
	rootObject = 83CBD8F919FEA18E008ABA78 /* Project object */;
}
